
Microsoft Visual Studio Solution File, Format Version 12.00
# Visual Studio Version 16
VisualStudioVersion = 16.0.30621.155
MinimumVisualStudioVersion = 10.0.40219.1
Project("{9A19103F-16F7-4668-BE54-9A1E7A4F7556}") = "PPG1.0", "PPG1.0\PPG1.0.csproj", "{3223E22B-9E52-4DBE-BE49-BF8960C98648}"
EndProject
Project("{9A19103F-16F7-4668-BE54-9A1E7A4F7556}") = "PPG1.1", "PPG1.1\PPG1.1.csproj", "{B1D1DEDC-688B-4534-9008-606FEA59A718}"
EndProject
Global
	GlobalSection(SolutionConfigurationPlatforms) = preSolution
		Debug|Any CPU = Debug|Any CPU
		Release|Any CPU = Release|Any CPU
	EndGlobalSection
	GlobalSection(ProjectConfigurationPlatforms) = postSolution
		{3223E22B-9E52-4DBE-BE49-BF8960C98648}.Debug|Any CPU.ActiveCfg = Debug|Any CPU
		{3223E22B-9E52-4DBE-BE49-BF8960C98648}.Debug|Any CPU.Build.0 = Debug|Any CPU
		{3223E22B-9E52-4DBE-BE49-BF8960C98648}.Release|Any CPU.ActiveCfg = Release|Any CPU
		{3223E22B-9E52-4DBE-BE49-BF8960C98648}.Release|Any CPU.Build.0 = Release|Any CPU
		{B1D1DEDC-688B-4534-9008-606FEA59A718}.Debug|Any CPU.ActiveCfg = Debug|Any CPU
		{B1D1DEDC-688B-4534-9008-606FEA59A718}.Debug|Any CPU.Build.0 = Debug|Any CPU
		{B1D1DEDC-688B-4534-9008-606FEA59A718}.Release|Any CPU.ActiveCfg = Release|Any CPU
		{B1D1DEDC-688B-4534-9008-606FEA59A718}.Release|Any CPU.Build.0 = Release|Any CPU
	EndGlobalSection
	GlobalSection(SolutionProperties) = preSolution
		HideSolutionNode = FALSE
	EndGlobalSection
	GlobalSection(ExtensibilityGlobals) = postSolution
		SolutionGuid = {00754DE7-218E-42EA-B78A-2DF27D782F26}
	EndGlobalSection
EndGlobal
